
Microsoft Visual Studio Solution File, Format Version 12.00
# Visual Studio Version 17
VisualStudioVersion = 17.4.33122.133
MinimumVisualStudioVersion = 10.0.40219.1
Project("{FAE04EC0-301F-11D3-BF4B-00C04F79EFBC}") = "Simple.Loan.App", "Simple.Loan.App\Simple.Loan.App.csproj", "{055EEF5B-0874-441F-88E7-EDB894F8F7BC}"
EndProject
Global
	GlobalSection(SolutionConfigurationPlatforms) = preSolution
		Debug|Any CPU = Debug|Any CPU
		Release|Any CPU = Release|Any CPU
	EndGlobalSection
	GlobalSection(ProjectConfigurationPlatforms) = postSolution
		{055EEF5B-0874-441F-88E7-EDB894F8F7BC}.Debug|Any CPU.ActiveCfg = Debug|Any CPU
		{055EEF5B-0874-441F-88E7-EDB894F8F7BC}.Debug|Any CPU.Build.0 = Debug|Any CPU
		{055EEF5B-0874-441F-88E7-EDB894F8F7BC}.Release|Any CPU.ActiveCfg = Release|Any CPU
		{055EEF5B-0874-441F-88E7-EDB894F8F7BC}.Release|Any CPU.Build.0 = Release|Any CPU
	EndGlobalSection
	GlobalSection(SolutionProperties) = preSolution
		HideSolutionNode = FALSE
	EndGlobalSection
	GlobalSection(ExtensibilityGlobals) = postSolution
		SolutionGuid = {8D69D837-16AB-4D39-AE05-E5DBA214CD5A}
	EndGlobalSection
EndGlobal
